
Microsoft Visual Studio Solution File, Format Version 12.00
Project("{FAE04EC0-301F-11D3-BF4B-00C04F79EFBC}") = "chessApi.Presentation", "chessApi.Presentation\chessApi.Presentation.csproj", "{353F497E-54F8-4FCA-8FA8-821709F28248}"
EndProject
Project("{FAE04EC0-301F-11D3-BF4B-00C04F79EFBC}") = "chessApi.Domain", "chessApi.Domain\chessApi.Domain.csproj", "{467AECCE-3169-4EAE-A38C-EB3DB0AF0F61}"
EndProject
Project("{FAE04EC0-301F-11D3-BF4B-00C04F79EFBC}") = "chessApi.Application", "chessApi.Application\chessApi.Application.csproj", "{30A16D60-5AA5-4DF6-9568-488094E2DAE3}"
EndProject
Project("{FAE04EC0-301F-11D3-BF4B-00C04F79EFBC}") = "chessApi.Infrastructure", "chessApi.Infrastructure\chessApi.Infrastructure.csproj", "{48858D00-C541-47F9-B208-CBF40EB175F9}"
EndProject
Global
	GlobalSection(SolutionConfigurationPlatforms) = preSolution
		Debug|Any CPU = Debug|Any CPU
		Release|Any CPU = Release|Any CPU
	EndGlobalSection
	GlobalSection(ProjectConfigurationPlatforms) = postSolution
		{353F497E-54F8-4FCA-8FA8-821709F28248}.Debug|Any CPU.ActiveCfg = Debug|Any CPU
		{353F497E-54F8-4FCA-8FA8-821709F28248}.Debug|Any CPU.Build.0 = Debug|Any CPU
		{353F497E-54F8-4FCA-8FA8-821709F28248}.Release|Any CPU.ActiveCfg = Release|Any CPU
		{353F497E-54F8-4FCA-8FA8-821709F28248}.Release|Any CPU.Build.0 = Release|Any CPU
		{467AECCE-3169-4EAE-A38C-EB3DB0AF0F61}.Debug|Any CPU.ActiveCfg = Debug|Any CPU
		{467AECCE-3169-4EAE-A38C-EB3DB0AF0F61}.Debug|Any CPU.Build.0 = Debug|Any CPU
		{467AECCE-3169-4EAE-A38C-EB3DB0AF0F61}.Release|Any CPU.ActiveCfg = Release|Any CPU
		{467AECCE-3169-4EAE-A38C-EB3DB0AF0F61}.Release|Any CPU.Build.0 = Release|Any CPU
		{30A16D60-5AA5-4DF6-9568-488094E2DAE3}.Debug|Any CPU.ActiveCfg = Debug|Any CPU
		{30A16D60-5AA5-4DF6-9568-488094E2DAE3}.Debug|Any CPU.Build.0 = Debug|Any CPU
		{30A16D60-5AA5-4DF6-9568-488094E2DAE3}.Release|Any CPU.ActiveCfg = Release|Any CPU
		{30A16D60-5AA5-4DF6-9568-488094E2DAE3}.Release|Any CPU.Build.0 = Release|Any CPU
		{48858D00-C541-47F9-B208-CBF40EB175F9}.Debug|Any CPU.ActiveCfg = Debug|Any CPU
		{48858D00-C541-47F9-B208-CBF40EB175F9}.Debug|Any CPU.Build.0 = Debug|Any CPU
		{48858D00-C541-47F9-B208-CBF40EB175F9}.Release|Any CPU.ActiveCfg = Release|Any CPU
		{48858D00-C541-47F9-B208-CBF40EB175F9}.Release|Any CPU.Build.0 = Release|Any CPU
	EndGlobalSection
EndGlobal
